
Microsoft Visual Studio Solution File, Format Version 12.00
# Visual Studio Version 17
VisualStudioVersion = 17.3.32901.215
MinimumVisualStudioVersion = 10.0.40219.1
Project("{8BC9CEB8-8B4A-11D0-8D11-00A0C91BC942}") = "1_Playing_around_with_threads", "1_Playing_around_with_threads\1_Playing_around_with_threads.vcxproj", "{F58D6698-F0B9-409F-BC70-EA9F0C9BADD0}"
EndProject
Global
	GlobalSection(SolutionConfigurationPlatforms) = preSolution
		Debug|x64 = Debug|x64
		Debug|x86 = Debug|x86
		Release|x64 = Release|x64
		Release|x86 = Release|x86
	EndGlobalSection
	GlobalSection(ProjectConfigurationPlatforms) = postSolution
		{F58D6698-F0B9-409F-BC70-EA9F0C9BADD0}.Debug|x64.ActiveCfg = Debug|x64
		{F58D6698-F0B9-409F-BC70-EA9F0C9BADD0}.Debug|x64.Build.0 = Debug|x64
		{F58D6698-F0B9-409F-BC70-EA9F0C9BADD0}.Debug|x86.ActiveCfg = Debug|Win32
		{F58D6698-F0B9-409F-BC70-EA9F0C9BADD0}.Debug|x86.Build.0 = Debug|Win32
		{F58D6698-F0B9-409F-BC70-EA9F0C9BADD0}.Release|x64.ActiveCfg = Release|x64
		{F58D6698-F0B9-409F-BC70-EA9F0C9BADD0}.Release|x64.Build.0 = Release|x64
		{F58D6698-F0B9-409F-BC70-EA9F0C9BADD0}.Release|x86.ActiveCfg = Release|Win32
		{F58D6698-F0B9-409F-BC70-EA9F0C9BADD0}.Release|x86.Build.0 = Release|Win32
	EndGlobalSection
	GlobalSection(SolutionProperties) = preSolution
		HideSolutionNode = FALSE
	EndGlobalSection
	GlobalSection(ExtensibilityGlobals) = postSolution
		SolutionGuid = {B7147A9E-7A51-4CD7-9EC8-44D3CFD19E81}
	EndGlobalSection
EndGlobal
